
Microsoft Visual Studio Solution File, Format Version 12.00
# Visual Studio Version 16
VisualStudioVersion = 16.0.31019.194
MinimumVisualStudioVersion = 10.0.40219.1
Project("{9A19103F-16F7-4668-BE54-9A1E7A4F7556}") = "RocketLanding", "RocketLanding\RocketLanding.Project.csproj", "{21D6446D-647A-4697-A0AD-ACA2FC987B10}"
EndProject
Project("{FAE04EC0-301F-11D3-BF4B-00C04F79EFBC}") = "RocketLandingTest", "RocketLandingTest\RocketLanding.Test.csproj", "{0E46562E-4B7D-4BDA-834F-1F085D3731C5}"
EndProject
Global
	GlobalSection(SolutionConfigurationPlatforms) = preSolution
		Debug|Any CPU = Debug|Any CPU
		Release|Any CPU = Release|Any CPU
	EndGlobalSection
	GlobalSection(ProjectConfigurationPlatforms) = postSolution
		{21D6446D-647A-4697-A0AD-ACA2FC987B10}.Debug|Any CPU.ActiveCfg = Debug|Any CPU
		{21D6446D-647A-4697-A0AD-ACA2FC987B10}.Debug|Any CPU.Build.0 = Debug|Any CPU
		{21D6446D-647A-4697-A0AD-ACA2FC987B10}.Release|Any CPU.ActiveCfg = Release|Any CPU
		{21D6446D-647A-4697-A0AD-ACA2FC987B10}.Release|Any CPU.Build.0 = Release|Any CPU
		{0E46562E-4B7D-4BDA-834F-1F085D3731C5}.Debug|Any CPU.ActiveCfg = Debug|Any CPU
		{0E46562E-4B7D-4BDA-834F-1F085D3731C5}.Debug|Any CPU.Build.0 = Debug|Any CPU
		{0E46562E-4B7D-4BDA-834F-1F085D3731C5}.Release|Any CPU.ActiveCfg = Release|Any CPU
		{0E46562E-4B7D-4BDA-834F-1F085D3731C5}.Release|Any CPU.Build.0 = Release|Any CPU
	EndGlobalSection
	GlobalSection(SolutionProperties) = preSolution
		HideSolutionNode = FALSE
	EndGlobalSection
	GlobalSection(ExtensibilityGlobals) = postSolution
		SolutionGuid = {2E95F966-A029-462F-A668-EA86706B9540}
	EndGlobalSection
EndGlobal
